// !$*UTF8*$!
{
	archiveVersion = 1;
	classes = {
	};
	objectVersion = 50;
	objects = {

/* Begin PBXBuildFile section */
		822DEDB220C266A0001A544A /* AppDelegate.swift in Sources */ = {isa = PBXBuildFile; fileRef = 822DEDB120C2669F001A544A /* AppDelegate.swift */; };
		822DEDB420C266A0001A544A /* ViewController.swift in Sources */ = {isa = PBXBuildFile; fileRef = 822DEDB320C266A0001A544A /* ViewController.swift */; };
		822DEDB720C266A0001A544A /* Main.storyboard in Resources */ = {isa = PBXBuildFile; fileRef = 822DEDB520C266A0001A544A /* Main.storyboard */; };
		822DEDB920C266A1001A544A /* Assets.xcassets in Resources */ = {isa = PBXBuildFile; fileRef = 822DEDB820C266A1001A544A /* Assets.xcassets */; };
		822DEDBC20C266A1001A544A /* LaunchScreen.storyboard in Resources */ = {isa = PBXBuildFile; fileRef = 822DEDBA20C266A1001A544A /* LaunchScreen.storyboard */; };
		8259A2AE20CBD0270078D13F /* itemUp.mp3 in Resources */ = {isa = PBXBuildFile; fileRef = 8259A2AD20CBD0270078D13F /* itemUp.mp3 */; };
		82A82EA120CC0D2A0013CDC5 /* bird_music.mp3 in Resources */ = {isa = PBXBuildFile; fileRef = 82A82EA020CC0D2A0013CDC5 /* bird_music.mp3 */; };
		82A82EA520CC1CE40013CDC5 /* damage1.mp3 in Resources */ = {isa = PBXBuildFile; fileRef = 82A82EA420CC1CE40013CDC5 /* damage1.mp3 */; };
		82B8A25E20C29A35009911FB /* GameScene.swift in Sources */ = {isa = PBXBuildFile; fileRef = 82B8A25D20C29A35009911FB /* GameScene.swift */; };
/* End PBXBuildFile section */

/* Begin PBXFileReference section */
		822DEDAE20C2669F001A544A /* FlappyBird.app */ = {isa = PBXFileReference; explicitFileType = wrapper.application; includeInIndex = 0; path = FlappyBird.app; sourceTree = BUILT_PRODUCTS_DIR; };
		822DEDB120C2669F001A544A /* AppDelegate.swift */ = {isa = PBXFileReference; lastKnownFileType = sourcecode.swift; path = AppDelegate.swift; sourceTree = "<group>"; };
		822DEDB320C266A0001A544A /* ViewController.swift */ = {isa = PBXFileReference; lastKnownFileType = sourcecode.swift; path = ViewController.swift; sourceTree = "<group>"; };
		822DEDB620C266A0001A544A /* Base */ = {isa = PBXFileReference; lastKnownFileType = file.storyboard; name = Base; path = Base.lproj/Main.storyboard; sourceTree = "<group>"; };
		822DEDB820C266A1001A544A /* Assets.xcassets */ = {isa = PBXFileReference; lastKnownFileType = folder.assetcatalog; path = Assets.xcassets; sourceTree = "<group>"; };
		822DEDBB20C266A1001A544A /* Base */ = {isa = PBXFileReference; lastKnownFileType = file.storyboard; name = Base; path = Base.lproj/LaunchScreen.storyboard; sourceTree = "<group>"; };
		822DEDBD20C266A1001A544A /* Info.plist */ = {isa = PBXFileReference; lastKnownFileType = text.plist.xml; path = Info.plist; sourceTree = "<group>"; };
		8259A2AD20CBD0270078D13F /* itemUp.mp3 */ = {isa = PBXFileReference; lastKnownFileType = audio.mp3; name = itemUp.mp3; path = sound/itemUp.mp3; sourceTree = "<group>"; };
		82A82EA020CC0D2A0013CDC5 /* bird_music.mp3 */ = {isa = PBXFileReference; lastKnownFileType = audio.mp3; name = bird_music.mp3; path = sound/bird_music.mp3; sourceTree = "<group>"; };
		82A82EA420CC1CE40013CDC5 /* damage1.mp3 */ = {isa = PBXFileReference; lastKnownFileType = audio.mp3; name = damage1.mp3; path = sound/damage1.mp3; sourceTree = "<group>"; };
		82B8A25D20C29A35009911FB /* GameScene.swift */ = {isa = PBXFileReference; lastKnownFileType = sourcecode.swift; path = GameScene.swift; sourceTree = "<group>"; };
/* End PBXFileReference section */

/* Begin PBXFrameworksBuildPhase section */
		822DEDAB20C2669F001A544A /* Frameworks */ = {
			isa = PBXFrameworksBuildPhase;
			buildActionMask = 2147483647;
			files = (
			);
			runOnlyForDeploymentPostprocessing = 0;
		};
/* End PBXFrameworksBuildPhase section */

/* Begin PBXGroup section */
		822DEDA520C2669F001A544A = {
			isa = PBXGroup;
			children = (
				822DEDB020C2669F001A544A /* FlappyBird */,
				822DEDAF20C2669F001A544A /* Products */,
			);
			sourceTree = "<group>";
		};
		822DEDAF20C2669F001A544A /* Products */ = {
			isa = PBXGroup;
			children = (
				822DEDAE20C2669F001A544A /* FlappyBird.app */,
			);
			name = Products;
			sourceTree = "<group>";
		};
		822DEDB020C2669F001A544A /* FlappyBird */ = {
			isa = PBXGroup;
			children = (
				82A82EA420CC1CE40013CDC5 /* damage1.mp3 */,
				82A82EA020CC0D2A0013CDC5 /* bird_music.mp3 */,
				8259A2AD20CBD0270078D13F /* itemUp.mp3 */,
				822DEDB120C2669F001A544A /* AppDelegate.swift */,
				822DEDB320C266A0001A544A /* ViewController.swift */,
				822DEDB520C266A0001A544A /* Main.storyboard */,
				822DEDB820C266A1001A544A /* Assets.xcassets */,
				822DEDBA20C266A1001A544A /* LaunchScreen.storyboard */,
				822DEDBD20C266A1001A544A /* Info.plist */,
				82B8A25D20C29A35009911FB /* GameScene.swift */,
			);
			path = FlappyBird;
			sourceTree = "<group>";
		};
/* End PBXGroup section */

/* Begin PBXNativeTarget section */
		822DEDAD20C2669F001A544A /* FlappyBird */ = {
			isa = PBXNativeTarget;
			buildConfigurationList = 822DEDC020C266A1001A544A /* Build configuration list for PBXNativeTarget "FlappyBird" */;
			buildPhases = (
				822DEDAA20C2669F001A544A /* Sources */,
				822DEDAB20C2669F001A544A /* Frameworks */,
				822DEDAC20C2669F001A544A /* Resources */,
			);
			buildRules = (
			);
			dependencies = (
			);
			name = FlappyBird;
			productName = FlappyBird;
			productReference = 822DEDAE20C2669F001A544A /* FlappyBird.app */;
			productType = "com.apple.product-type.application";
		};
/* End PBXNativeTarget section */

/* Begin PBXProject section */
		822DEDA620C2669F001A544A /* Project object */ = {
			isa = PBXProject;
			attributes = {
				LastSwiftUpdateCheck = 0930;
				LastUpgradeCheck = 0930;
				ORGANIZATIONNAME = miriaria0427;
				TargetAttributes = {
					822DEDAD20C2669F001A544A = {
						CreatedOnToolsVersion = 9.3.1;
					};
				};
			};
			buildConfigurationList = 822DEDA920C2669F001A544A /* Build configuration list for PBXProject "FlappyBird" */;
			compatibilityVersion = "Xcode 9.3";
			developmentRegion = en;
			hasScannedForEncodings = 0;
			knownRegions = (
				en,
				Base,
			);
			mainGroup = 822DEDA520C2669F001A544A;
			productRefGroup = 822DEDAF20C2669F001A544A /* Products */;
			projectDirPath = "";
			projectRoot = "";
			targets = (
				822DEDAD20C2669F001A544A /* FlappyBird */,
			);
		};
/* End PBXProject section */

/* Begin PBXResourcesBuildPhase section */
		822DEDAC20C2669F001A544A /* Resources */ = {
			isa = PBXResourcesBuildPhase;
			buildActionMask = 2147483647;
			files = (
				8259A2AE20CBD0270078D13F /* itemUp.mp3 in Resources */,
				822DEDBC20C266A1001A544A /* LaunchScreen.storyboard in Resources */,
				822DEDB920C266A1001A544A /* Assets.xcassets in Resources */,
				82A82EA520CC1CE40013CDC5 /* damage1.mp3 in Resources */,
				82A82EA120CC0D2A0013CDC5 /* bird_music.mp3 in Resources */,
				822DEDB720C266A0001A544A /* Main.storyboard in Resources */,
			);
			runOnlyForDeploymentPostprocessing = 0;
		};
/* End PBXResourcesBuildPhase section */

/* Begin PBXSourcesBuildPhase section */
		822DEDAA20C2669F001A544A /* Sources */ = {
			isa = PBXSourcesBuildPhase;
			buildActionMask = 2147483647;
			files = (
				82B8A25E20C29A35009911FB /* GameScene.swift in Sources */,
				822DEDB420C266A0001A544A /* ViewController.swift in Sources */,
				822DEDB220C266A0001A544A /* AppDelegate.swift in Sources */,
			);
			runOnlyForDeploymentPostprocessing = 0;
		};
/* End PBXSourcesBuildPhase section */

/* Begin PBXVariantGroup section */
		822DEDB520C266A0001A544A /* Main.storyboard */ = {
			isa = PBXVariantGroup;
			children = (
				822DEDB620C266A0001A544A /* Base */,
			);
			name = Main.storyboard;
			sourceTree = "<group>";
		};
		822DEDBA20C266A1001A544A /* LaunchScreen.storyboard */ = {
			isa = PBXVariantGroup;
			children = (
				822DEDBB20C266A1001A544A /* Base */,
			);
			name = LaunchScreen.storyboard;
			sourceTree = "<group>";
		};
/* End PBXVariantGroup section */

/* Begin XCBuildConfiguration section */
		822DEDBE20C266A1001A544A /* Debug */ = {
			isa = XCBuildConfiguration;
			buildSettings = {
				ALWAYS_SEARCH_USER_PATHS = NO;
				CLANG_ANALYZER_NONNULL = YES;
				CLANG_ANALYZER_NUMBER_OBJECT_CONVERSION = YES_AGGRESSIVE;
				CLANG_CXX_LANGUAGE_STANDARD = "gnu++14";
				CLANG_CXX_LIBRARY = "libc++";
				CLANG_ENABLE_MODULES = YES;
				CLANG_ENABLE_OBJC_ARC = YES;
				CLANG_ENABLE_OBJC_WEAK = YES;
				CLANG_WARN_BLOCK_CAPTURE_AUTORELEASING = YES;
				CLANG_WARN_BOOL_CONVERSION = YES;
				CLANG_WARN_COMMA = YES;
				CLANG_WARN_CONSTANT_CONVERSION = YES;
				CLANG_WARN_DEPRECATED_OBJC_IMPLEMENTATIONS = YES;
				CLANG_WARN_DIRECT_OBJC_ISA_USAGE = YES_ERROR;
				CLANG_WARN_DOCUMENTATION_COMMENTS = YES;
				CLANG_WARN_EMPTY_BODY = YES;
				CLANG_WARN_ENUM_CONVERSION = YES;
				CLANG_WARN_INFINITE_RECURSION = YES;
				CLANG_WARN_INT_CONVERSION = YES;
				CLANG_WARN_NON_LITERAL_NULL_CONVERSION = YES;
				CLANG_WARN_OBJC_IMPLICIT_RETAIN_SELF = YES;
				CLANG_WARN_OBJC_LITERAL_CONVERSION = YES;
				CLANG_WARN_OBJC_ROOT_CLASS = YES_ERROR;
				CLANG_WARN_RANGE_LOOP_ANALYSIS = YES;
				CLANG_WARN_STRICT_PROTOTYPES = YES;
				CLANG_WARN_SUSPICIOUS_MOVE = YES;
				CLANG_WARN_UNGUARDED_AVAILABILITY = YES_AGGRESSIVE;
				CLANG_WARN_UNREACHABLE_CODE = YES;
				CLANG_WARN__DUPLICATE_METHOD_MATCH = YES;
				CODE_SIGN_IDENTITY = "iPhone Developer";
				COPY_PHASE_STRIP = NO;
				DEBUG_INFORMATION_FORMAT = dwarf;
				ENABLE_STRICT_OBJC_MSGSEND = YES;
				ENABLE_TESTABILITY = YES;
				GCC_C_LANGUAGE_STANDARD = gnu11;
				GCC_DYNAMIC_NO_PIC = NO;
				GCC_NO_COMMON_BLOCKS = YES;
				GCC_OPTIMIZATION_LEVEL = 0;
				GCC_PREPROCESSOR_DEFINITIONS = (
					"DEBUG=1",
					"$(inherited)",
				);
				GCC_WARN_64_TO_32_BIT_CONVERSION = YES;
				GCC_WARN_ABOUT_RETURN_TYPE = YES_ERROR;
				GCC_WARN_UNDECLARED_SELECTOR = YES;
				GCC_WARN_UNINITIALIZED_AUTOS = YES_AGGRESSIVE;
				GCC_WARN_UNUSED_FUNCTION = YES;
				GCC_WARN_UNUSED_VARIABLE = YES;
				IPHONEOS_DEPLOYMENT_TARGET = 11.3;
				MTL_ENABLE_DEBUG_INFO = YES;
				ONLY_ACTIVE_ARCH = YES;
				SDKROOT = iphoneos;
				SWIFT_ACTIVE_COMPILATION_CONDITIONS = DEBUG;
				SWIFT_OPTIMIZATION_LEVEL = "-Onone";
			};
			name = Debug;
		};
		822DEDBF20C266A1001A544A /* Release */ = {
			isa = XCBuildConfiguration;
			buildSettings = {
				ALWAYS_SEARCH_USER_PATHS = NO;
				CLANG_ANALYZER_NONNULL = YES;
				CLANG_ANALYZER_NUMBER_OBJECT_CONVERSION = YES_AGGRESSIVE;
				CLANG_CXX_LANGUAGE_STANDARD = "gnu++14";
				CLANG_CXX_LIBRARY = "libc++";
				CLANG_ENABLE_MODULES = YES;
				CLANG_ENABLE_OBJC_ARC = YES;
				CLANG_ENABLE_OBJC_WEAK = YES;
				CLANG_WARN_BLOCK_CAPTURE_AUTORELEASING = YES;
				CLANG_WARN_BOOL_CONVERSION = YES;
				CLANG_WARN_COMMA = YES;
				CLANG_WARN_CONSTANT_CONVERSION = YES;
				CLANG_WARN_DEPRECATED_OBJC_IMPLEMENTATIONS = YES;
				CLANG_WARN_DIRECT_OBJC_ISA_USAGE = YES_ERROR;
				CLANG_WARN_DOCUMENTATION_COMMENTS = YES;
				CLANG_WARN_EMPTY_BODY = YES;
				CLANG_WARN_ENUM_CONVERSION = YES;
				CLANG_WARN_INFINITE_RECURSION = YES;
				CLANG_WARN_INT_CONVERSION = YES;
				CLANG_WARN_NON_LITERAL_NULL_CONVERSION = YES;
				CLANG_WARN_OBJC_IMPLICIT_RETAIN_SELF = YES;
				CLANG_WARN_OBJC_LITERAL_CONVERSION = YES;
				CLANG_WARN_OBJC_ROOT_CLASS = YES_ERROR;
				CLANG_WARN_RANGE_LOOP_ANALYSIS = YES;
				CLANG_WARN_STRICT_PROTOTYPES = YES;
				CLANG_WARN_SUSPICIOUS_MOVE = YES;
				CLANG_WARN_UNGUARDED_AVAILABILITY = YES_AGGRESSIVE;
				CLANG_WARN_UNREACHABLE_CODE = YES;
				CLANG_WARN__DUPLICATE_METHOD_MATCH = YES;
				CODE_SIGN_IDENTITY = "iPhone Developer";
				COPY_PHASE_STRIP = NO;
				DEBUG_INFORMATION_FORMAT = "dwarf-with-dsym";
				ENABLE_NS_ASSERTIONS = NO;
				ENABLE_STRICT_OBJC_MSGSEND = YES;
				GCC_C_LANGUAGE_STANDARD = gnu11;
				GCC_NO_COMMON_BLOCKS = YES;
				GCC_WARN_64_TO_32_BIT_CONVERSION = YES;
				GCC_WARN_ABOUT_RETURN_TYPE = YES_ERROR;
				GCC_WARN_UNDECLARED_SELECTOR = YES;
				GCC_WARN_UNINITIALIZED_AUTOS = YES_AGGRESSIVE;
				GCC_WARN_UNUSED_FUNCTION = YES;
				GCC_WARN_UNUSED_VARIABLE = YES;
				IPHONEOS_DEPLOYMENT_TARGET = 11.3;
				MTL_ENABLE_DEBUG_INFO = NO;
				SDKROOT = iphoneos;
				SWIFT_COMPILATION_MODE = wholemodule;
				SWIFT_OPTIMIZATION_LEVEL = "-O";
				VALIDATE_PRODUCT = YES;
			};
			name = Release;
		};
		822DEDC120C266A1001A544A /* Debug */ = {
			isa = XCBuildConfiguration;
			buildSettings = {
				ASSETCATALOG_COMPILER_APPICON_NAME = AppIcon;
				CODE_SIGN_STYLE = Automatic;
				DEVELOPMENT_TEAM = 86Q5ER3XBR;
				INFOPLIST_FILE = FlappyBird/Info.plist;
				LD_RUNPATH_SEARCH_PATHS = (
					"$(inherited)",
					"@executable_path/Frameworks",
				);
				PRODUCT_BUNDLE_IDENTIFIER = jp.techacademy.miriaria0427.FlappyBird;
				PRODUCT_NAME = "$(TARGET_NAME)";
				SWIFT_VERSION = 4.0;
				TARGETED_DEVICE_FAMILY = 1;
			};
			name = Debug;
		};
		822DEDC220C266A1001A544A /* Release */ = {
			isa = XCBuildConfiguration;
			buildSettings = {
				ASSETCATALOG_COMPILER_APPICON_NAME = AppIcon;
				CODE_SIGN_STYLE = Automatic;
				DEVELOPMENT_TEAM = 86Q5ER3XBR;
				INFOPLIST_FILE = FlappyBird/Info.plist;
				LD_RUNPATH_SEARCH_PATHS = (
					"$(inherited)",
					"@executable_path/Frameworks",
				);
				PRODUCT_BUNDLE_IDENTIFIER = jp.techacademy.miriaria0427.FlappyBird;
				PRODUCT_NAME = "$(TARGET_NAME)";
				SWIFT_VERSION = 4.0;
				TARGETED_DEVICE_FAMILY = 1;
			};
			name = Release;
		};
/* End XCBuildConfiguration section */

/* Begin XCConfigurationList section */
		822DEDA920C2669F001A544A /* Build configuration list for PBXProject "FlappyBird" */ = {
			isa = XCConfigurationList;
			buildConfigurations = (
				822DEDBE20C266A1001A544A /* Debug */,
				822DEDBF20C266A1001A544A /* Release */,
			);
			defaultConfigurationIsVisible = 0;
			defaultConfigurationName = Release;
		};
		822DEDC020C266A1001A544A /* Build configuration list for PBXNativeTarget "FlappyBird" */ = {
			isa = XCConfigurationList;
			buildConfigurations = (
				822DEDC120C266A1001A544A /* Debug */,
				822DEDC220C266A1001A544A /* Release */,
			);
			defaultConfigurationIsVisible = 0;
			defaultConfigurationName = Release;
		};
/* End XCConfigurationList section */
	};
	rootObject = 822DEDA620C2669F001A544A /* Project object */;
}
